
Microsoft Visual Studio Solution File, Format Version 12.00
# Visual Studio Version 17
VisualStudioVersion = 17.3.32929.385
MinimumVisualStudioVersion = 10.0.40219.1
Project("{FAE04EC0-301F-11D3-BF4B-00C04F79EFBC}") = "Test_CRUD_notSql", "Test_CRUD_notSql\Test_CRUD_notSql.csproj", "{1AF3F86B-4671-4A56-892A-5EE195F6FB10}"
EndProject
Global
	GlobalSection(SolutionConfigurationPlatforms) = preSolution
		Debug|Any CPU = Debug|Any CPU
		Release|Any CPU = Release|Any CPU
	EndGlobalSection
	GlobalSection(ProjectConfigurationPlatforms) = postSolution
		{1AF3F86B-4671-4A56-892A-5EE195F6FB10}.Debug|Any CPU.ActiveCfg = Debug|Any CPU
		{1AF3F86B-4671-4A56-892A-5EE195F6FB10}.Debug|Any CPU.Build.0 = Debug|Any CPU
		{1AF3F86B-4671-4A56-892A-5EE195F6FB10}.Release|Any CPU.ActiveCfg = Release|Any CPU
		{1AF3F86B-4671-4A56-892A-5EE195F6FB10}.Release|Any CPU.Build.0 = Release|Any CPU
	EndGlobalSection
	GlobalSection(SolutionProperties) = preSolution
		HideSolutionNode = FALSE
	EndGlobalSection
	GlobalSection(ExtensibilityGlobals) = postSolution
		SolutionGuid = {175AE346-22AB-4FF2-9D25-C75BBF58205D}
	EndGlobalSection
EndGlobal
